// !$*UTF8*$!
{
	archiveVersion = 1;
	classes = {
	};
	objectVersion = 46;
	objects = {

/* Begin PBXBuildFile section */
		677B070C170D706100DB1089 /* Utility.m in Sources */ = {isa = PBXBuildFile; fileRef = 677B070B170D706100DB1089 /* Utility.m */; };
		677B070D170D706100DB1089 /* Utility.m in Sources */ = {isa = PBXBuildFile; fileRef = 677B070B170D706100DB1089 /* Utility.m */; };
		677B0711170D70BC00DB1089 /* UtilityTest.m in Sources */ = {isa = PBXBuildFile; fileRef = 677B0710170D70BC00DB1089 /* UtilityTest.m */; };
		67FED2DC170D45F8000C77A7 /* UIKit.framework in Frameworks */ = {isa = PBXBuildFile; fileRef = 67FED2DB170D45F8000C77A7 /* UIKit.framework */; };
		67FED2DE170D45F8000C77A7 /* Foundation.framework in Frameworks */ = {isa = PBXBuildFile; fileRef = 67FED2DD170D45F8000C77A7 /* Foundation.framework */; };
		67FED2E0170D45F8000C77A7 /* CoreGraphics.framework in Frameworks */ = {isa = PBXBuildFile; fileRef = 67FED2DF170D45F8000C77A7 /* CoreGraphics.framework */; };
		67FED2E6170D45F8000C77A7 /* InfoPlist.strings in Resources */ = {isa = PBXBuildFile; fileRef = 67FED2E4170D45F8000C77A7 /* InfoPlist.strings */; };
		67FED2E8170D45F8000C77A7 /* main.m in Sources */ = {isa = PBXBuildFile; fileRef = 67FED2E7170D45F8000C77A7 /* main.m */; };
		67FED2EC170D45F8000C77A7 /* AppDelegate.m in Sources */ = {isa = PBXBuildFile; fileRef = 67FED2EB170D45F8000C77A7 /* AppDelegate.m */; };
		67FED2EF170D45F8000C77A7 /* MasterViewController.m in Sources */ = {isa = PBXBuildFile; fileRef = 67FED2EE170D45F8000C77A7 /* MasterViewController.m */; };
		67FED2F2170D45F8000C77A7 /* DetailViewController.m in Sources */ = {isa = PBXBuildFile; fileRef = 67FED2F1170D45F8000C77A7 /* DetailViewController.m */; };
		67FED2F5170D45F8000C77A7 /* MasterViewController.xib in Resources */ = {isa = PBXBuildFile; fileRef = 67FED2F3170D45F8000C77A7 /* MasterViewController.xib */; };
		67FED2F8170D45F8000C77A7 /* DetailViewController.xib in Resources */ = {isa = PBXBuildFile; fileRef = 67FED2F6170D45F8000C77A7 /* DetailViewController.xib */; };
		67FED304170D4657000C77A7 /* UIKit.framework in Frameworks */ = {isa = PBXBuildFile; fileRef = 67FED2DB170D45F8000C77A7 /* UIKit.framework */; };
		67FED305170D4657000C77A7 /* Foundation.framework in Frameworks */ = {isa = PBXBuildFile; fileRef = 67FED2DD170D45F8000C77A7 /* Foundation.framework */; };
		67FED306170D4657000C77A7 /* CoreGraphics.framework in Frameworks */ = {isa = PBXBuildFile; fileRef = 67FED2DF170D45F8000C77A7 /* CoreGraphics.framework */; };
		67FED30C170D4657000C77A7 /* InfoPlist.strings in Resources */ = {isa = PBXBuildFile; fileRef = 67FED30A170D4657000C77A7 /* InfoPlist.strings */; };
		67FED30E170D4657000C77A7 /* main.m in Sources */ = {isa = PBXBuildFile; fileRef = 67FED30D170D4657000C77A7 /* main.m */; };
		67FED317170D469F000C77A7 /* GHUnitIOS.framework in Frameworks */ = {isa = PBXBuildFile; fileRef = 67FED316170D469F000C77A7 /* GHUnitIOS.framework */; };
		67FED319170D4909000C77A7 /* QuartzCore.framework in Frameworks */ = {isa = PBXBuildFile; fileRef = 67FED318170D4909000C77A7 /* QuartzCore.framework */; };
/* End PBXBuildFile section */

/* Begin PBXFileReference section */
		677B070A170D706100DB1089 /* Utility.h */ = {isa = PBXFileReference; fileEncoding = 4; lastKnownFileType = sourcecode.c.h; path = Utility.h; sourceTree = "<group>"; };
		677B070B170D706100DB1089 /* Utility.m */ = {isa = PBXFileReference; fileEncoding = 4; lastKnownFileType = sourcecode.c.objc; path = Utility.m; sourceTree = "<group>"; };
		677B070F170D70BC00DB1089 /* UtilityTest.h */ = {isa = PBXFileReference; fileEncoding = 4; lastKnownFileType = sourcecode.c.h; path = UtilityTest.h; sourceTree = "<group>"; };
		677B0710170D70BC00DB1089 /* UtilityTest.m */ = {isa = PBXFileReference; fileEncoding = 4; lastKnownFileType = sourcecode.c.objc; path = UtilityTest.m; sourceTree = "<group>"; };
		67FED2D7170D45F8000C77A7 /* GHUnitTargetApp2.app */ = {isa = PBXFileReference; explicitFileType = wrapper.application; includeInIndex = 0; path = GHUnitTargetApp2.app; sourceTree = BUILT_PRODUCTS_DIR; };
		67FED2DB170D45F8000C77A7 /* UIKit.framework */ = {isa = PBXFileReference; lastKnownFileType = wrapper.framework; name = UIKit.framework; path = System/Library/Frameworks/UIKit.framework; sourceTree = SDKROOT; };
		67FED2DD170D45F8000C77A7 /* Foundation.framework */ = {isa = PBXFileReference; lastKnownFileType = wrapper.framework; name = Foundation.framework; path = System/Library/Frameworks/Foundation.framework; sourceTree = SDKROOT; };
		67FED2DF170D45F8000C77A7 /* CoreGraphics.framework */ = {isa = PBXFileReference; lastKnownFileType = wrapper.framework; name = CoreGraphics.framework; path = System/Library/Frameworks/CoreGraphics.framework; sourceTree = SDKROOT; };
		67FED2E3170D45F8000C77A7 /* GHUnitTargetApp2-Info.plist */ = {isa = PBXFileReference; lastKnownFileType = text.plist.xml; path = "GHUnitTargetApp2-Info.plist"; sourceTree = "<group>"; };
		67FED2E5170D45F8000C77A7 /* en */ = {isa = PBXFileReference; lastKnownFileType = text.plist.strings; name = en; path = en.lproj/InfoPlist.strings; sourceTree = "<group>"; };
		67FED2E7170D45F8000C77A7 /* main.m */ = {isa = PBXFileReference; lastKnownFileType = sourcecode.c.objc; path = main.m; sourceTree = "<group>"; };
		67FED2E9170D45F8000C77A7 /* GHUnitTargetApp2-Prefix.pch */ = {isa = PBXFileReference; lastKnownFileType = sourcecode.c.h; path = "GHUnitTargetApp2-Prefix.pch"; sourceTree = "<group>"; };
		67FED2EA170D45F8000C77A7 /* AppDelegate.h */ = {isa = PBXFileReference; lastKnownFileType = sourcecode.c.h; path = AppDelegate.h; sourceTree = "<group>"; };
		67FED2EB170D45F8000C77A7 /* AppDelegate.m */ = {isa = PBXFileReference; lastKnownFileType = sourcecode.c.objc; path = AppDelegate.m; sourceTree = "<group>"; };
		67FED2ED170D45F8000C77A7 /* MasterViewController.h */ = {isa = PBXFileReference; lastKnownFileType = sourcecode.c.h; path = MasterViewController.h; sourceTree = "<group>"; };
		67FED2EE170D45F8000C77A7 /* MasterViewController.m */ = {isa = PBXFileReference; lastKnownFileType = sourcecode.c.objc; path = MasterViewController.m; sourceTree = "<group>"; };
		67FED2F0170D45F8000C77A7 /* DetailViewController.h */ = {isa = PBXFileReference; lastKnownFileType = sourcecode.c.h; path = DetailViewController.h; sourceTree = "<group>"; };
		67FED2F1170D45F8000C77A7 /* DetailViewController.m */ = {isa = PBXFileReference; lastKnownFileType = sourcecode.c.objc; path = DetailViewController.m; sourceTree = "<group>"; };
		67FED2F4170D45F8000C77A7 /* en */ = {isa = PBXFileReference; lastKnownFileType = file.xib; name = en; path = en.lproj/MasterViewController.xib; sourceTree = "<group>"; };
		67FED2F7170D45F8000C77A7 /* en */ = {isa = PBXFileReference; lastKnownFileType = file.xib; name = en; path = en.lproj/DetailViewController.xib; sourceTree = "<group>"; };
		67FED302170D4657000C77A7 /* Tests.app */ = {isa = PBXFileReference; explicitFileType = wrapper.application; includeInIndex = 0; path = Tests.app; sourceTree = BUILT_PRODUCTS_DIR; };
		67FED309170D4657000C77A7 /* Tests-Info.plist */ = {isa = PBXFileReference; lastKnownFileType = text.plist.xml; path = "Tests-Info.plist"; sourceTree = "<group>"; };
		67FED30B170D4657000C77A7 /* en */ = {isa = PBXFileReference; lastKnownFileType = text.plist.strings; name = en; path = en.lproj/InfoPlist.strings; sourceTree = "<group>"; };
		67FED30D170D4657000C77A7 /* main.m */ = {isa = PBXFileReference; lastKnownFileType = sourcecode.c.objc; path = main.m; sourceTree = "<group>"; };
		67FED30F170D4657000C77A7 /* Tests-Prefix.pch */ = {isa = PBXFileReference; lastKnownFileType = sourcecode.c.h; path = "Tests-Prefix.pch"; sourceTree = "<group>"; };
		67FED316170D469F000C77A7 /* GHUnitIOS.framework */ = {isa = PBXFileReference; lastKnownFileType = wrapper.framework; path = GHUnitIOS.framework; sourceTree = "<group>"; };
		67FED318170D4909000C77A7 /* QuartzCore.framework */ = {isa = PBXFileReference; lastKnownFileType = wrapper.framework; name = QuartzCore.framework; path = System/Library/Frameworks/QuartzCore.framework; sourceTree = SDKROOT; };
/* End PBXFileReference section */

/* Begin PBXFrameworksBuildPhase section */
		67FED2D4170D45F8000C77A7 /* Frameworks */ = {
			isa = PBXFrameworksBuildPhase;
			buildActionMask = 2147483647;
			files = (
				67FED2DC170D45F8000C77A7 /* UIKit.framework in Frameworks */,
				67FED2DE170D45F8000C77A7 /* Foundation.framework in Frameworks */,
				67FED2E0170D45F8000C77A7 /* CoreGraphics.framework in Frameworks */,
			);
			runOnlyForDeploymentPostprocessing = 0;
		};
		67FED2FF170D4657000C77A7 /* Frameworks */ = {
			isa = PBXFrameworksBuildPhase;
			buildActionMask = 2147483647;
			files = (
				67FED319170D4909000C77A7 /* QuartzCore.framework in Frameworks */,
				67FED304170D4657000C77A7 /* UIKit.framework in Frameworks */,
				67FED305170D4657000C77A7 /* Foundation.framework in Frameworks */,
				67FED306170D4657000C77A7 /* CoreGraphics.framework in Frameworks */,
				67FED317170D469F000C77A7 /* GHUnitIOS.framework in Frameworks */,
			);
			runOnlyForDeploymentPostprocessing = 0;
		};
/* End PBXFrameworksBuildPhase section */

/* Begin PBXGroup section */
		67FED2CC170D45F8000C77A7 = {
			isa = PBXGroup;
			children = (
				67FED318170D4909000C77A7 /* QuartzCore.framework */,
				67FED2E1170D45F8000C77A7 /* GHUnitTargetApp2 */,
				67FED307170D4657000C77A7 /* Tests */,
				67FED2DA170D45F8000C77A7 /* Frameworks */,
				67FED2D8170D45F8000C77A7 /* Products */,
			);
			sourceTree = "<group>";
		};
		67FED2D8170D45F8000C77A7 /* Products */ = {
			isa = PBXGroup;
			children = (
				67FED2D7170D45F8000C77A7 /* GHUnitTargetApp2.app */,
				67FED302170D4657000C77A7 /* Tests.app */,
			);
			name = Products;
			sourceTree = "<group>";
		};
		67FED2DA170D45F8000C77A7 /* Frameworks */ = {
			isa = PBXGroup;
			children = (
				67FED2DB170D45F8000C77A7 /* UIKit.framework */,
				67FED2DD170D45F8000C77A7 /* Foundation.framework */,
				67FED2DF170D45F8000C77A7 /* CoreGraphics.framework */,
				67FED316170D469F000C77A7 /* GHUnitIOS.framework */,
			);
			name = Frameworks;
			sourceTree = "<group>";
		};
		67FED2E1170D45F8000C77A7 /* GHUnitTargetApp2 */ = {
			isa = PBXGroup;
			children = (
				67FED2EA170D45F8000C77A7 /* AppDelegate.h */,
				67FED2EB170D45F8000C77A7 /* AppDelegate.m */,
				67FED2ED170D45F8000C77A7 /* MasterViewController.h */,
				67FED2EE170D45F8000C77A7 /* MasterViewController.m */,
				67FED2F0170D45F8000C77A7 /* DetailViewController.h */,
				67FED2F1170D45F8000C77A7 /* DetailViewController.m */,
				67FED2F3170D45F8000C77A7 /* MasterViewController.xib */,
				67FED2F6170D45F8000C77A7 /* DetailViewController.xib */,
				67FED2E2170D45F8000C77A7 /* Supporting Files */,
				677B070A170D706100DB1089 /* Utility.h */,
				677B070B170D706100DB1089 /* Utility.m */,
			);
			path = GHUnitTargetApp2;
			sourceTree = "<group>";
		};
		67FED2E2170D45F8000C77A7 /* Supporting Files */ = {
			isa = PBXGroup;
			children = (
				67FED2E3170D45F8000C77A7 /* GHUnitTargetApp2-Info.plist */,
				67FED2E4170D45F8000C77A7 /* InfoPlist.strings */,
				67FED2E7170D45F8000C77A7 /* main.m */,
				67FED2E9170D45F8000C77A7 /* GHUnitTargetApp2-Prefix.pch */,
			);
			name = "Supporting Files";
			sourceTree = "<group>";
		};
		67FED307170D4657000C77A7 /* Tests */ = {
			isa = PBXGroup;
			children = (
				67FED308170D4657000C77A7 /* Supporting Files */,
				677B070F170D70BC00DB1089 /* UtilityTest.h */,
				677B0710170D70BC00DB1089 /* UtilityTest.m */,
			);
			path = Tests;
			sourceTree = "<group>";
		};
		67FED308170D4657000C77A7 /* Supporting Files */ = {
			isa = PBXGroup;
			children = (
				67FED309170D4657000C77A7 /* Tests-Info.plist */,
				67FED30A170D4657000C77A7 /* InfoPlist.strings */,
				67FED30D170D4657000C77A7 /* main.m */,
				67FED30F170D4657000C77A7 /* Tests-Prefix.pch */,
			);
			name = "Supporting Files";
			sourceTree = "<group>";
		};
/* End PBXGroup section */

/* Begin PBXNativeTarget section */
		67FED2D6170D45F8000C77A7 /* GHUnitTargetApp2 */ = {
			isa = PBXNativeTarget;
			buildConfigurationList = 67FED2FB170D45F8000C77A7 /* Build configuration list for PBXNativeTarget "GHUnitTargetApp2" */;
			buildPhases = (
				67FED2D3170D45F8000C77A7 /* Sources */,
				67FED2D4170D45F8000C77A7 /* Frameworks */,
				67FED2D5170D45F8000C77A7 /* Resources */,
			);
			buildRules = (
			);
			dependencies = (
			);
			name = GHUnitTargetApp2;
			productName = GHUnitTargetApp2;
			productReference = 67FED2D7170D45F8000C77A7 /* GHUnitTargetApp2.app */;
			productType = "com.apple.product-type.application";
		};
		67FED301170D4657000C77A7 /* Tests */ = {
			isa = PBXNativeTarget;
			buildConfigurationList = 67FED313170D4657000C77A7 /* Build configuration list for PBXNativeTarget "Tests" */;
			buildPhases = (
				67FED2FE170D4657000C77A7 /* Sources */,
				67FED2FF170D4657000C77A7 /* Frameworks */,
				67FED300170D4657000C77A7 /* Resources */,
			);
			buildRules = (
			);
			dependencies = (
			);
			name = Tests;
			productName = Tests;
			productReference = 67FED302170D4657000C77A7 /* Tests.app */;
			productType = "com.apple.product-type.application";
		};
/* End PBXNativeTarget section */

/* Begin PBXProject section */
		67FED2CE170D45F8000C77A7 /* Project object */ = {
			isa = PBXProject;
			attributes = {
				LastUpgradeCheck = 0420;
			};
			buildConfigurationList = 67FED2D1170D45F8000C77A7 /* Build configuration list for PBXProject "GHUnitTargetApp2" */;
			compatibilityVersion = "Xcode 3.2";
			developmentRegion = English;
			hasScannedForEncodings = 0;
			knownRegions = (
				en,
			);
			mainGroup = 67FED2CC170D45F8000C77A7;
			productRefGroup = 67FED2D8170D45F8000C77A7 /* Products */;
			projectDirPath = "";
			projectRoot = "";
			targets = (
				67FED2D6170D45F8000C77A7 /* GHUnitTargetApp2 */,
				67FED301170D4657000C77A7 /* Tests */,
			);
		};
/* End PBXProject section */

/* Begin PBXResourcesBuildPhase section */
		67FED2D5170D45F8000C77A7 /* Resources */ = {
			isa = PBXResourcesBuildPhase;
			buildActionMask = 2147483647;
			files = (
				67FED2E6170D45F8000C77A7 /* InfoPlist.strings in Resources */,
				67FED2F5170D45F8000C77A7 /* MasterViewController.xib in Resources */,
				67FED2F8170D45F8000C77A7 /* DetailViewController.xib in Resources */,
			);
			runOnlyForDeploymentPostprocessing = 0;
		};
		67FED300170D4657000C77A7 /* Resources */ = {
			isa = PBXResourcesBuildPhase;
			buildActionMask = 2147483647;
			files = (
				67FED30C170D4657000C77A7 /* InfoPlist.strings in Resources */,
			);
			runOnlyForDeploymentPostprocessing = 0;
		};
/* End PBXResourcesBuildPhase section */

/* Begin PBXSourcesBuildPhase section */
		67FED2D3170D45F8000C77A7 /* Sources */ = {
			isa = PBXSourcesBuildPhase;
			buildActionMask = 2147483647;
			files = (
				67FED2E8170D45F8000C77A7 /* main.m in Sources */,
				67FED2EC170D45F8000C77A7 /* AppDelegate.m in Sources */,
				67FED2EF170D45F8000C77A7 /* MasterViewController.m in Sources */,
				67FED2F2170D45F8000C77A7 /* DetailViewController.m in Sources */,
				677B070C170D706100DB1089 /* Utility.m in Sources */,
			);
			runOnlyForDeploymentPostprocessing = 0;
		};
		67FED2FE170D4657000C77A7 /* Sources */ = {
			isa = PBXSourcesBuildPhase;
			buildActionMask = 2147483647;
			files = (
				67FED30E170D4657000C77A7 /* main.m in Sources */,
				677B070D170D706100DB1089 /* Utility.m in Sources */,
				677B0711170D70BC00DB1089 /* UtilityTest.m in Sources */,
			);
			runOnlyForDeploymentPostprocessing = 0;
		};
/* End PBXSourcesBuildPhase section */

/* Begin PBXVariantGroup section */
		67FED2E4170D45F8000C77A7 /* InfoPlist.strings */ = {
			isa = PBXVariantGroup;
			children = (
				67FED2E5170D45F8000C77A7 /* en */,
			);
			name = InfoPlist.strings;
			sourceTree = "<group>";
		};
		67FED2F3170D45F8000C77A7 /* MasterViewController.xib */ = {
			isa = PBXVariantGroup;
			children = (
				67FED2F4170D45F8000C77A7 /* en */,
			);
			name = MasterViewController.xib;
			sourceTree = "<group>";
		};
		67FED2F6170D45F8000C77A7 /* DetailViewController.xib */ = {
			isa = PBXVariantGroup;
			children = (
				67FED2F7170D45F8000C77A7 /* en */,
			);
			name = DetailViewController.xib;
			sourceTree = "<group>";
		};
		67FED30A170D4657000C77A7 /* InfoPlist.strings */ = {
			isa = PBXVariantGroup;
			children = (
				67FED30B170D4657000C77A7 /* en */,
			);
			name = InfoPlist.strings;
			sourceTree = "<group>";
		};
/* End PBXVariantGroup section */

/* Begin XCBuildConfiguration section */
		67FED2F9170D45F8000C77A7 /* Debug */ = {
			isa = XCBuildConfiguration;
			buildSettings = {
				ALWAYS_SEARCH_USER_PATHS = NO;
				ARCHS = "$(ARCHS_STANDARD_32_BIT)";
				"CODE_SIGN_IDENTITY[sdk=iphoneos*]" = "iPhone Developer";
				COPY_PHASE_STRIP = NO;
				GCC_C_LANGUAGE_STANDARD = gnu99;
				GCC_DYNAMIC_NO_PIC = NO;
				GCC_OPTIMIZATION_LEVEL = 0;
				GCC_PREPROCESSOR_DEFINITIONS = (
					"DEBUG=1",
					"$(inherited)",
				);
				GCC_SYMBOLS_PRIVATE_EXTERN = NO;
				GCC_VERSION = com.apple.compilers.llvm.clang.1_0;
				GCC_WARN_ABOUT_MISSING_PROTOTYPES = YES;
				GCC_WARN_ABOUT_RETURN_TYPE = YES;
				GCC_WARN_UNUSED_VARIABLE = YES;
				IPHONEOS_DEPLOYMENT_TARGET = 5.0;
				SDKROOT = iphoneos;
			};
			name = Debug;
		};
		67FED2FA170D45F8000C77A7 /* Release */ = {
			isa = XCBuildConfiguration;
			buildSettings = {
				ALWAYS_SEARCH_USER_PATHS = NO;
				ARCHS = "$(ARCHS_STANDARD_32_BIT)";
				"CODE_SIGN_IDENTITY[sdk=iphoneos*]" = "iPhone Developer";
				COPY_PHASE_STRIP = YES;
				GCC_C_LANGUAGE_STANDARD = gnu99;
				GCC_VERSION = com.apple.compilers.llvm.clang.1_0;
				GCC_WARN_ABOUT_MISSING_PROTOTYPES = YES;
				GCC_WARN_ABOUT_RETURN_TYPE = YES;
				GCC_WARN_UNUSED_VARIABLE = YES;
				IPHONEOS_DEPLOYMENT_TARGET = 5.0;
				OTHER_CFLAGS = "-DNS_BLOCK_ASSERTIONS=1";
				SDKROOT = iphoneos;
				VALIDATE_PRODUCT = YES;
			};
			name = Release;
		};
		67FED2FC170D45F8000C77A7 /* Debug */ = {
			isa = XCBuildConfiguration;
			buildSettings = {
				GCC_PRECOMPILE_PREFIX_HEADER = YES;
				GCC_PREFIX_HEADER = "GHUnitTargetApp2/GHUnitTargetApp2-Prefix.pch";
				INFOPLIST_FILE = "GHUnitTargetApp2/GHUnitTargetApp2-Info.plist";
				PRODUCT_NAME = "$(TARGET_NAME)";
				WRAPPER_EXTENSION = app;
			};
			name = Debug;
		};
		67FED2FD170D45F8000C77A7 /* Release */ = {
			isa = XCBuildConfiguration;
			buildSettings = {
				GCC_PRECOMPILE_PREFIX_HEADER = YES;
				GCC_PREFIX_HEADER = "GHUnitTargetApp2/GHUnitTargetApp2-Prefix.pch";
				INFOPLIST_FILE = "GHUnitTargetApp2/GHUnitTargetApp2-Info.plist";
				PRODUCT_NAME = "$(TARGET_NAME)";
				WRAPPER_EXTENSION = app;
			};
			name = Release;
		};
		67FED314170D4657000C77A7 /* Debug */ = {
			isa = XCBuildConfiguration;
			buildSettings = {
				"CODE_SIGN_IDENTITY[sdk=iphoneos*]" = "iPhone Developer";
				FRAMEWORK_SEARCH_PATHS = (
					"$(inherited)",
					"\"$(SRCROOT)\"",
				);
				GCC_PRECOMPILE_PREFIX_HEADER = YES;
				GCC_PREFIX_HEADER = "Tests/Tests-Prefix.pch";
				INFOPLIST_FILE = "Tests/Tests-Info.plist";
				OTHER_LDFLAGS = (
					"-ObjC",
					"-all_load",
				);
				PRODUCT_NAME = "$(TARGET_NAME)";
				WRAPPER_EXTENSION = app;
			};
			name = Debug;
		};
		67FED315170D4657000C77A7 /* Release */ = {
			isa = XCBuildConfiguration;
			buildSettings = {
				"CODE_SIGN_IDENTITY[sdk=iphoneos*]" = "iPhone Developer";
				FRAMEWORK_SEARCH_PATHS = (
					"$(inherited)",
					"\"$(SRCROOT)\"",
				);
				GCC_PRECOMPILE_PREFIX_HEADER = YES;
				GCC_PREFIX_HEADER = "Tests/Tests-Prefix.pch";
				INFOPLIST_FILE = "Tests/Tests-Info.plist";
				OTHER_LDFLAGS = (
					"-ObjC",
					"-all_load",
				);
				PRODUCT_NAME = "$(TARGET_NAME)";
				WRAPPER_EXTENSION = app;
			};
			name = Release;
		};
/* End XCBuildConfiguration section */

/* Begin XCConfigurationList section */
		67FED2D1170D45F8000C77A7 /* Build configuration list for PBXProject "GHUnitTargetApp2" */ = {
			isa = XCConfigurationList;
			buildConfigurations = (
				67FED2F9170D45F8000C77A7 /* Debug */,
				67FED2FA170D45F8000C77A7 /* Release */,
			);
			defaultConfigurationIsVisible = 0;
			defaultConfigurationName = Release;
		};
		67FED2FB170D45F8000C77A7 /* Build configuration list for PBXNativeTarget "GHUnitTargetApp2" */ = {
			isa = XCConfigurationList;
			buildConfigurations = (
				67FED2FC170D45F8000C77A7 /* Debug */,
				67FED2FD170D45F8000C77A7 /* Release */,
			);
			defaultConfigurationIsVisible = 0;
			defaultConfigurationName = Release;
		};
		67FED313170D4657000C77A7 /* Build configuration list for PBXNativeTarget "Tests" */ = {
			isa = XCConfigurationList;
			buildConfigurations = (
				67FED314170D4657000C77A7 /* Debug */,
				67FED315170D4657000C77A7 /* Release */,
			);
			defaultConfigurationIsVisible = 0;
			defaultConfigurationName = Release;
		};
/* End XCConfigurationList section */
	};
	rootObject = 67FED2CE170D45F8000C77A7 /* Project object */;
}
